// !$*UTF8*$!
{
	archiveVersion = 1;
	classes = {
	};
	objectVersion = 50;
	objects = {

/* Begin PBXBuildFile section */
		188E18A022216E69006602D0 /* main.swift in Sources */ = {isa = PBXBuildFile; fileRef = 188E189F22216E69006602D0 /* main.swift */; };
		188E18AD22216FFA006602D0 /* VMTranslatorTests.swift in Sources */ = {isa = PBXBuildFile; fileRef = 188E18AC22216FFA006602D0 /* VMTranslatorTests.swift */; };
		188E18B822217453006602D0 /* CommandFormatter.swift in Sources */ = {isa = PBXBuildFile; fileRef = 188E18B722217453006602D0 /* CommandFormatter.swift */; };
		188E18BA2221748C006602D0 /* CommandFormatterTests.swift in Sources */ = {isa = PBXBuildFile; fileRef = 188E18B92221748C006602D0 /* CommandFormatterTests.swift */; };
		188E18BB2221749D006602D0 /* CommandFormatter.swift in Sources */ = {isa = PBXBuildFile; fileRef = 188E18B722217453006602D0 /* CommandFormatter.swift */; };
/* End PBXBuildFile section */

/* Begin PBXCopyFilesBuildPhase section */
		188E189A22216E69006602D0 /* CopyFiles */ = {
			isa = PBXCopyFilesBuildPhase;
			buildActionMask = 2147483647;
			dstPath = /usr/share/man/man1/;
			dstSubfolderSpec = 0;
			files = (
			);
			runOnlyForDeploymentPostprocessing = 1;
		};
/* End PBXCopyFilesBuildPhase section */

/* Begin PBXFileReference section */
		188E189C22216E69006602D0 /* VMTranslator */ = {isa = PBXFileReference; explicitFileType = "compiled.mach-o.executable"; includeInIndex = 0; path = VMTranslator; sourceTree = BUILT_PRODUCTS_DIR; };
		188E189F22216E69006602D0 /* main.swift */ = {isa = PBXFileReference; lastKnownFileType = sourcecode.swift; path = main.swift; sourceTree = "<group>"; };
		188E18AA22216FFA006602D0 /* VMTranslatorTests.xctest */ = {isa = PBXFileReference; explicitFileType = wrapper.cfbundle; includeInIndex = 0; path = VMTranslatorTests.xctest; sourceTree = BUILT_PRODUCTS_DIR; };
		188E18AC22216FFA006602D0 /* VMTranslatorTests.swift */ = {isa = PBXFileReference; lastKnownFileType = sourcecode.swift; path = VMTranslatorTests.swift; sourceTree = "<group>"; };
		188E18AE22216FFA006602D0 /* Info.plist */ = {isa = PBXFileReference; lastKnownFileType = text.plist.xml; path = Info.plist; sourceTree = "<group>"; };
		188E18B722217453006602D0 /* CommandFormatter.swift */ = {isa = PBXFileReference; fileEncoding = 4; lastKnownFileType = sourcecode.swift; path = CommandFormatter.swift; sourceTree = "<group>"; };
		188E18B92221748C006602D0 /* CommandFormatterTests.swift */ = {isa = PBXFileReference; fileEncoding = 4; lastKnownFileType = sourcecode.swift; path = CommandFormatterTests.swift; sourceTree = "<group>"; };
/* End PBXFileReference section */

/* Begin PBXFrameworksBuildPhase section */
		188E189922216E69006602D0 /* Frameworks */ = {
			isa = PBXFrameworksBuildPhase;
			buildActionMask = 2147483647;
			files = (
			);
			runOnlyForDeploymentPostprocessing = 0;
		};
		188E18A722216FFA006602D0 /* Frameworks */ = {
			isa = PBXFrameworksBuildPhase;
			buildActionMask = 2147483647;
			files = (
			);
			runOnlyForDeploymentPostprocessing = 0;
		};
/* End PBXFrameworksBuildPhase section */

/* Begin PBXGroup section */
		188E189322216E69006602D0 = {
			isa = PBXGroup;
			children = (
				188E189E22216E69006602D0 /* VMTranslator */,
				188E18AB22216FFA006602D0 /* VMTranslatorTests */,
				188E189D22216E69006602D0 /* Products */,
			);
			sourceTree = "<group>";
		};
		188E189D22216E69006602D0 /* Products */ = {
			isa = PBXGroup;
			children = (
				188E189C22216E69006602D0 /* VMTranslator */,
				188E18AA22216FFA006602D0 /* VMTranslatorTests.xctest */,
			);
			name = Products;
			sourceTree = "<group>";
		};
		188E189E22216E69006602D0 /* VMTranslator */ = {
			isa = PBXGroup;
			children = (
				188E189F22216E69006602D0 /* main.swift */,
				188E18B722217453006602D0 /* CommandFormatter.swift */,
			);
			path = VMTranslator;
			sourceTree = "<group>";
		};
		188E18AB22216FFA006602D0 /* VMTranslatorTests */ = {
			isa = PBXGroup;
			children = (
				188E18AC22216FFA006602D0 /* VMTranslatorTests.swift */,
				188E18B92221748C006602D0 /* CommandFormatterTests.swift */,
				188E18AE22216FFA006602D0 /* Info.plist */,
			);
			path = VMTranslatorTests;
			sourceTree = "<group>";
		};
/* End PBXGroup section */

/* Begin PBXNativeTarget section */
		188E189B22216E69006602D0 /* VMTranslator */ = {
			isa = PBXNativeTarget;
			buildConfigurationList = 188E18A322216E69006602D0 /* Build configuration list for PBXNativeTarget "VMTranslator" */;
			buildPhases = (
				188E189822216E69006602D0 /* Sources */,
				188E189922216E69006602D0 /* Frameworks */,
				188E189A22216E69006602D0 /* CopyFiles */,
			);
			buildRules = (
			);
			dependencies = (
			);
			name = VMTranslator;
			productName = VMTranslator;
			productReference = 188E189C22216E69006602D0 /* VMTranslator */;
			productType = "com.apple.product-type.tool";
		};
		188E18A922216FFA006602D0 /* VMTranslatorTests */ = {
			isa = PBXNativeTarget;
			buildConfigurationList = 188E18B122216FFA006602D0 /* Build configuration list for PBXNativeTarget "VMTranslatorTests" */;
			buildPhases = (
				188E18A622216FFA006602D0 /* Sources */,
				188E18A722216FFA006602D0 /* Frameworks */,
				188E18A822216FFA006602D0 /* Resources */,
			);
			buildRules = (
			);
			dependencies = (
			);
			name = VMTranslatorTests;
			productName = VMTranslatorTests;
			productReference = 188E18AA22216FFA006602D0 /* VMTranslatorTests.xctest */;
			productType = "com.apple.product-type.bundle.unit-test";
		};
/* End PBXNativeTarget section */

/* Begin PBXProject section */
		188E189422216E69006602D0 /* Project object */ = {
			isa = PBXProject;
			attributes = {
				LastSwiftUpdateCheck = 1010;
				LastUpgradeCheck = 1010;
				ORGANIZATIONNAME = "山田良治";
				TargetAttributes = {
					188E189B22216E69006602D0 = {
						CreatedOnToolsVersion = 10.1;
					};
					188E18A922216FFA006602D0 = {
						CreatedOnToolsVersion = 10.1;
					};
				};
			};
			buildConfigurationList = 188E189722216E69006602D0 /* Build configuration list for PBXProject "VMTranslator" */;
			compatibilityVersion = "Xcode 9.3";
			developmentRegion = en;
			hasScannedForEncodings = 0;
			knownRegions = (
				en,
			);
			mainGroup = 188E189322216E69006602D0;
			productRefGroup = 188E189D22216E69006602D0 /* Products */;
			projectDirPath = "";
			projectRoot = "";
			targets = (
				188E189B22216E69006602D0 /* VMTranslator */,
				188E18A922216FFA006602D0 /* VMTranslatorTests */,
			);
		};
/* End PBXProject section */

/* Begin PBXResourcesBuildPhase section */
		188E18A822216FFA006602D0 /* Resources */ = {
			isa = PBXResourcesBuildPhase;
			buildActionMask = 2147483647;
			files = (
			);
			runOnlyForDeploymentPostprocessing = 0;
		};
/* End PBXResourcesBuildPhase section */

/* Begin PBXSourcesBuildPhase section */
		188E189822216E69006602D0 /* Sources */ = {
			isa = PBXSourcesBuildPhase;
			buildActionMask = 2147483647;
			files = (
				188E18B822217453006602D0 /* CommandFormatter.swift in Sources */,
				188E18A022216E69006602D0 /* main.swift in Sources */,
			);
			runOnlyForDeploymentPostprocessing = 0;
		};
		188E18A622216FFA006602D0 /* Sources */ = {
			isa = PBXSourcesBuildPhase;
			buildActionMask = 2147483647;
			files = (
				188E18BA2221748C006602D0 /* CommandFormatterTests.swift in Sources */,
				188E18AD22216FFA006602D0 /* VMTranslatorTests.swift in Sources */,
				188E18BB2221749D006602D0 /* CommandFormatter.swift in Sources */,
			);
			runOnlyForDeploymentPostprocessing = 0;
		};
/* End PBXSourcesBuildPhase section */

/* Begin XCBuildConfiguration section */
		188E18A122216E69006602D0 /* Debug */ = {
			isa = XCBuildConfiguration;
			buildSettings = {
				ALWAYS_SEARCH_USER_PATHS = NO;
				CLANG_ANALYZER_NONNULL = YES;
				CLANG_ANALYZER_NUMBER_OBJECT_CONVERSION = YES_AGGRESSIVE;
				CLANG_CXX_LANGUAGE_STANDARD = "gnu++14";
				CLANG_CXX_LIBRARY = "libc++";
				CLANG_ENABLE_MODULES = YES;
				CLANG_ENABLE_OBJC_ARC = YES;
				CLANG_ENABLE_OBJC_WEAK = YES;
				CLANG_WARN_BLOCK_CAPTURE_AUTORELEASING = YES;
				CLANG_WARN_BOOL_CONVERSION = YES;
				CLANG_WARN_COMMA = YES;
				CLANG_WARN_CONSTANT_CONVERSION = YES;
				CLANG_WARN_DEPRECATED_OBJC_IMPLEMENTATIONS = YES;
				CLANG_WARN_DIRECT_OBJC_ISA_USAGE = YES_ERROR;
				CLANG_WARN_DOCUMENTATION_COMMENTS = YES;
				CLANG_WARN_EMPTY_BODY = YES;
				CLANG_WARN_ENUM_CONVERSION = YES;
				CLANG_WARN_INFINITE_RECURSION = YES;
				CLANG_WARN_INT_CONVERSION = YES;
				CLANG_WARN_NON_LITERAL_NULL_CONVERSION = YES;
				CLANG_WARN_OBJC_IMPLICIT_RETAIN_SELF = YES;
				CLANG_WARN_OBJC_LITERAL_CONVERSION = YES;
				CLANG_WARN_OBJC_ROOT_CLASS = YES_ERROR;
				CLANG_WARN_RANGE_LOOP_ANALYSIS = YES;
				CLANG_WARN_STRICT_PROTOTYPES = YES;
				CLANG_WARN_SUSPICIOUS_MOVE = YES;
				CLANG_WARN_UNGUARDED_AVAILABILITY = YES_AGGRESSIVE;
				CLANG_WARN_UNREACHABLE_CODE = YES;
				CLANG_WARN__DUPLICATE_METHOD_MATCH = YES;
				CODE_SIGN_IDENTITY = "Mac Developer";
				COPY_PHASE_STRIP = NO;
				DEBUG_INFORMATION_FORMAT = dwarf;
				ENABLE_STRICT_OBJC_MSGSEND = YES;
				ENABLE_TESTABILITY = YES;
				GCC_C_LANGUAGE_STANDARD = gnu11;
				GCC_DYNAMIC_NO_PIC = NO;
				GCC_NO_COMMON_BLOCKS = YES;
				GCC_OPTIMIZATION_LEVEL = 0;
				GCC_PREPROCESSOR_DEFINITIONS = (
					"DEBUG=1",
					"$(inherited)",
				);
				GCC_WARN_64_TO_32_BIT_CONVERSION = YES;
				GCC_WARN_ABOUT_RETURN_TYPE = YES_ERROR;
				GCC_WARN_UNDECLARED_SELECTOR = YES;
				GCC_WARN_UNINITIALIZED_AUTOS = YES_AGGRESSIVE;
				GCC_WARN_UNUSED_FUNCTION = YES;
				GCC_WARN_UNUSED_VARIABLE = YES;
				MACOSX_DEPLOYMENT_TARGET = 10.14;
				MTL_ENABLE_DEBUG_INFO = INCLUDE_SOURCE;
				MTL_FAST_MATH = YES;
				ONLY_ACTIVE_ARCH = YES;
				SDKROOT = macosx;
				SWIFT_ACTIVE_COMPILATION_CONDITIONS = DEBUG;
				SWIFT_OPTIMIZATION_LEVEL = "-Onone";
			};
			name = Debug;
		};
		188E18A222216E69006602D0 /* Release */ = {
			isa = XCBuildConfiguration;
			buildSettings = {
				ALWAYS_SEARCH_USER_PATHS = NO;
				CLANG_ANALYZER_NONNULL = YES;
				CLANG_ANALYZER_NUMBER_OBJECT_CONVERSION = YES_AGGRESSIVE;
				CLANG_CXX_LANGUAGE_STANDARD = "gnu++14";
				CLANG_CXX_LIBRARY = "libc++";
				CLANG_ENABLE_MODULES = YES;
				CLANG_ENABLE_OBJC_ARC = YES;
				CLANG_ENABLE_OBJC_WEAK = YES;
				CLANG_WARN_BLOCK_CAPTURE_AUTORELEASING = YES;
				CLANG_WARN_BOOL_CONVERSION = YES;
				CLANG_WARN_COMMA = YES;
				CLANG_WARN_CONSTANT_CONVERSION = YES;
				CLANG_WARN_DEPRECATED_OBJC_IMPLEMENTATIONS = YES;
				CLANG_WARN_DIRECT_OBJC_ISA_USAGE = YES_ERROR;
				CLANG_WARN_DOCUMENTATION_COMMENTS = YES;
				CLANG_WARN_EMPTY_BODY = YES;
				CLANG_WARN_ENUM_CONVERSION = YES;
				CLANG_WARN_INFINITE_RECURSION = YES;
				CLANG_WARN_INT_CONVERSION = YES;
				CLANG_WARN_NON_LITERAL_NULL_CONVERSION = YES;
				CLANG_WARN_OBJC_IMPLICIT_RETAIN_SELF = YES;
				CLANG_WARN_OBJC_LITERAL_CONVERSION = YES;
				CLANG_WARN_OBJC_ROOT_CLASS = YES_ERROR;
				CLANG_WARN_RANGE_LOOP_ANALYSIS = YES;
				CLANG_WARN_STRICT_PROTOTYPES = YES;
				CLANG_WARN_SUSPICIOUS_MOVE = YES;
				CLANG_WARN_UNGUARDED_AVAILABILITY = YES_AGGRESSIVE;
				CLANG_WARN_UNREACHABLE_CODE = YES;
				CLANG_WARN__DUPLICATE_METHOD_MATCH = YES;
				CODE_SIGN_IDENTITY = "Mac Developer";
				COPY_PHASE_STRIP = NO;
				DEBUG_INFORMATION_FORMAT = "dwarf-with-dsym";
				ENABLE_NS_ASSERTIONS = NO;
				ENABLE_STRICT_OBJC_MSGSEND = YES;
				GCC_C_LANGUAGE_STANDARD = gnu11;
				GCC_NO_COMMON_BLOCKS = YES;
				GCC_WARN_64_TO_32_BIT_CONVERSION = YES;
				GCC_WARN_ABOUT_RETURN_TYPE = YES_ERROR;
				GCC_WARN_UNDECLARED_SELECTOR = YES;
				GCC_WARN_UNINITIALIZED_AUTOS = YES_AGGRESSIVE;
				GCC_WARN_UNUSED_FUNCTION = YES;
				GCC_WARN_UNUSED_VARIABLE = YES;
				MACOSX_DEPLOYMENT_TARGET = 10.14;
				MTL_ENABLE_DEBUG_INFO = NO;
				MTL_FAST_MATH = YES;
				SDKROOT = macosx;
				SWIFT_COMPILATION_MODE = wholemodule;
				SWIFT_OPTIMIZATION_LEVEL = "-O";
			};
			name = Release;
		};
		188E18A422216E69006602D0 /* Debug */ = {
			isa = XCBuildConfiguration;
			buildSettings = {
				CODE_SIGN_STYLE = Automatic;
				DEVELOPMENT_TEAM = Z5DLXLSS2U;
				PRODUCT_NAME = "$(TARGET_NAME)";
				SWIFT_VERSION = 4.2;
			};
			name = Debug;
		};
		188E18A522216E69006602D0 /* Release */ = {
			isa = XCBuildConfiguration;
			buildSettings = {
				CODE_SIGN_STYLE = Automatic;
				DEVELOPMENT_TEAM = Z5DLXLSS2U;
				PRODUCT_NAME = "$(TARGET_NAME)";
				SWIFT_VERSION = 4.2;
			};
			name = Release;
		};
		188E18AF22216FFA006602D0 /* Debug */ = {
			isa = XCBuildConfiguration;
			buildSettings = {
				CODE_SIGN_STYLE = Automatic;
				COMBINE_HIDPI_IMAGES = YES;
				DEVELOPMENT_TEAM = Z5DLXLSS2U;
				INFOPLIST_FILE = VMTranslatorTests/Info.plist;
				LD_RUNPATH_SEARCH_PATHS = (
					"$(inherited)",
					"@executable_path/../Frameworks",
					"@loader_path/../Frameworks",
				);
				PRODUCT_BUNDLE_IDENTIFIER = jp.co.raiso.VMTranslatorTests;
				PRODUCT_NAME = "$(TARGET_NAME)";
				SWIFT_VERSION = 4.2;
			};
			name = Debug;
		};
		188E18B022216FFA006602D0 /* Release */ = {
			isa = XCBuildConfiguration;
			buildSettings = {
				CODE_SIGN_STYLE = Automatic;
				COMBINE_HIDPI_IMAGES = YES;
				DEVELOPMENT_TEAM = Z5DLXLSS2U;
				INFOPLIST_FILE = VMTranslatorTests/Info.plist;
				LD_RUNPATH_SEARCH_PATHS = (
					"$(inherited)",
					"@executable_path/../Frameworks",
					"@loader_path/../Frameworks",
				);
				PRODUCT_BUNDLE_IDENTIFIER = jp.co.raiso.VMTranslatorTests;
				PRODUCT_NAME = "$(TARGET_NAME)";
				SWIFT_VERSION = 4.2;
			};
			name = Release;
		};
/* End XCBuildConfiguration section */

/* Begin XCConfigurationList section */
		188E189722216E69006602D0 /* Build configuration list for PBXProject "VMTranslator" */ = {
			isa = XCConfigurationList;
			buildConfigurations = (
				188E18A122216E69006602D0 /* Debug */,
				188E18A222216E69006602D0 /* Release */,
			);
			defaultConfigurationIsVisible = 0;
			defaultConfigurationName = Release;
		};
		188E18A322216E69006602D0 /* Build configuration list for PBXNativeTarget "VMTranslator" */ = {
			isa = XCConfigurationList;
			buildConfigurations = (
				188E18A422216E69006602D0 /* Debug */,
				188E18A522216E69006602D0 /* Release */,
			);
			defaultConfigurationIsVisible = 0;
			defaultConfigurationName = Release;
		};
		188E18B122216FFA006602D0 /* Build configuration list for PBXNativeTarget "VMTranslatorTests" */ = {
			isa = XCConfigurationList;
			buildConfigurations = (
				188E18AF22216FFA006602D0 /* Debug */,
				188E18B022216FFA006602D0 /* Release */,
			);
			defaultConfigurationIsVisible = 0;
			defaultConfigurationName = Release;
		};
/* End XCConfigurationList section */
	};
	rootObject = 188E189422216E69006602D0 /* Project object */;
}
