// !$*UTF8*$!
{
	archiveVersion = 1;
	classes = {
	};
	objectVersion = 50;
	objects = {

/* Begin PBXBuildFile section */
		188E18A022216E69006602D0 /* main.swift in Sources */ = {isa = PBXBuildFile; fileRef = 188E189F22216E69006602D0 /* main.swift */; };
		188E18AD22216FFA006602D0 /* VMTranslatorTests.swift in Sources */ = {isa = PBXBuildFile; fileRef = 188E18AC22216FFA006602D0 /* VMTranslatorTests.swift */; };
		188E18B32221705D006602D0 /* Parser.swift in Sources */ = {isa = PBXBuildFile; fileRef = 188E18B22221705D006602D0 /* Parser.swift */; };
		188E18B6222172D4006602D0 /* ParserTests.swift in Sources */ = {isa = PBXBuildFile; fileRef = 188E18B5222172D4006602D0 /* ParserTests.swift */; };
		188E18B822217453006602D0 /* CommandFormatter.swift in Sources */ = {isa = PBXBuildFile; fileRef = 188E18B722217453006602D0 /* CommandFormatter.swift */; };
		188E18BA2221748C006602D0 /* CommandFormatterTests.swift in Sources */ = {isa = PBXBuildFile; fileRef = 188E18B92221748C006602D0 /* CommandFormatterTests.swift */; };
		188E18BD2221790E006602D0 /* Secret.swift in Sources */ = {isa = PBXBuildFile; fileRef = 188E18BC2221790E006602D0 /* Secret.swift */; };
		188E18C02221976C006602D0 /* CodeWriterTests.swift in Sources */ = {isa = PBXBuildFile; fileRef = 188E18BF2221976C006602D0 /* CodeWriterTests.swift */; };
		188E18C222219786006602D0 /* CodeWriter.swift in Sources */ = {isa = PBXBuildFile; fileRef = 188E18C122219786006602D0 /* CodeWriter.swift */; };
		188E18C422219B60006602D0 /* Secret.swift in Sources */ = {isa = PBXBuildFile; fileRef = 188E18BC2221790E006602D0 /* Secret.swift */; };
		188E18C522219B63006602D0 /* CodeWriter.swift in Sources */ = {isa = PBXBuildFile; fileRef = 188E18C122219786006602D0 /* CodeWriter.swift */; };
		188E18C622219B65006602D0 /* CommandFormatter.swift in Sources */ = {isa = PBXBuildFile; fileRef = 188E18B722217453006602D0 /* CommandFormatter.swift */; };
		188E18C722219B68006602D0 /* Parser.swift in Sources */ = {isa = PBXBuildFile; fileRef = 188E18B22221705D006602D0 /* Parser.swift */; };
		188E18CA222254C3006602D0 /* Add.swift in Sources */ = {isa = PBXBuildFile; fileRef = 188E18C9222254C3006602D0 /* Add.swift */; };
		188E18CC222254D7006602D0 /* AddTests.swift in Sources */ = {isa = PBXBuildFile; fileRef = 188E18CB222254D7006602D0 /* AddTests.swift */; };
		188E18CD2222561C006602D0 /* Add.swift in Sources */ = {isa = PBXBuildFile; fileRef = 188E18C9222254C3006602D0 /* Add.swift */; };
		188E18CF22226A2C006602D0 /* SubTests.swift in Sources */ = {isa = PBXBuildFile; fileRef = 188E18CE22226A2C006602D0 /* SubTests.swift */; };
		188E18D122226A4F006602D0 /* Sub.swift in Sources */ = {isa = PBXBuildFile; fileRef = 188E18D022226A4F006602D0 /* Sub.swift */; };
		188E18D222226A81006602D0 /* Sub.swift in Sources */ = {isa = PBXBuildFile; fileRef = 188E18D022226A4F006602D0 /* Sub.swift */; };
		188E18D8222403DA006602D0 /* Negative.swift in Sources */ = {isa = PBXBuildFile; fileRef = 188E18D7222403DA006602D0 /* Negative.swift */; };
		188E18DC22240CCB006602D0 /* Equal.swift in Sources */ = {isa = PBXBuildFile; fileRef = 188E18DB22240CCB006602D0 /* Equal.swift */; };
		188E18E3222412CC006602D0 /* NegativeTests.swift in Sources */ = {isa = PBXBuildFile; fileRef = 188E18E2222412CC006602D0 /* NegativeTests.swift */; };
		188E18E42224155F006602D0 /* Negative.swift in Sources */ = {isa = PBXBuildFile; fileRef = 188E18D7222403DA006602D0 /* Negative.swift */; };
		188E18E622241604006602D0 /* EqualTests.swift in Sources */ = {isa = PBXBuildFile; fileRef = 188E18E522241604006602D0 /* EqualTests.swift */; };
		188E18E72226B10A006602D0 /* Equal.swift in Sources */ = {isa = PBXBuildFile; fileRef = 188E18DB22240CCB006602D0 /* Equal.swift */; };
		188E18E92226B3C0006602D0 /* GreaterTests.swift in Sources */ = {isa = PBXBuildFile; fileRef = 188E18E82226B3C0006602D0 /* GreaterTests.swift */; };
		188E18EB2226B495006602D0 /* Greater.swift in Sources */ = {isa = PBXBuildFile; fileRef = 188E18EA2226B495006602D0 /* Greater.swift */; };
		188E18EC2226B4D0006602D0 /* Greater.swift in Sources */ = {isa = PBXBuildFile; fileRef = 188E18EA2226B495006602D0 /* Greater.swift */; };
		188E18EE2226B532006602D0 /* Conditionable.swift in Sources */ = {isa = PBXBuildFile; fileRef = 188E18ED2226B532006602D0 /* Conditionable.swift */; };
		188E18EF2226B88C006602D0 /* Conditionable.swift in Sources */ = {isa = PBXBuildFile; fileRef = 188E18ED2226B532006602D0 /* Conditionable.swift */; };
		188E18F12226BA99006602D0 /* LessTests.swift in Sources */ = {isa = PBXBuildFile; fileRef = 188E18F02226BA99006602D0 /* LessTests.swift */; };
		188E18F32226BEE5006602D0 /* Less.swift in Sources */ = {isa = PBXBuildFile; fileRef = 188E18F22226BEE5006602D0 /* Less.swift */; };
		188E18F42226BF2F006602D0 /* Less.swift in Sources */ = {isa = PBXBuildFile; fileRef = 188E18F22226BEE5006602D0 /* Less.swift */; };
		188E18F62226C79A006602D0 /* AndTests.swift in Sources */ = {isa = PBXBuildFile; fileRef = 188E18F52226C79A006602D0 /* AndTests.swift */; };
		188E18F82226C9D9006602D0 /* And.swift in Sources */ = {isa = PBXBuildFile; fileRef = 188E18F72226C9D9006602D0 /* And.swift */; };
		188E18F92226C9E0006602D0 /* And.swift in Sources */ = {isa = PBXBuildFile; fileRef = 188E18F72226C9D9006602D0 /* And.swift */; };
		188E18FB2226CCD3006602D0 /* OrTests.swift in Sources */ = {isa = PBXBuildFile; fileRef = 188E18FA2226CCD3006602D0 /* OrTests.swift */; };
		188E18FD2226CED9006602D0 /* Or.swift in Sources */ = {isa = PBXBuildFile; fileRef = 188E18FC2226CED9006602D0 /* Or.swift */; };
		188E18FE2226CF23006602D0 /* Or.swift in Sources */ = {isa = PBXBuildFile; fileRef = 188E18FC2226CED9006602D0 /* Or.swift */; };
		188E19002226D02D006602D0 /* NotTests.swift in Sources */ = {isa = PBXBuildFile; fileRef = 188E18FF2226D02D006602D0 /* NotTests.swift */; };
		188E19022226D0C5006602D0 /* Not.swift in Sources */ = {isa = PBXBuildFile; fileRef = 188E19012226D0C5006602D0 /* Not.swift */; };
		188E19032226D0E7006602D0 /* Not.swift in Sources */ = {isa = PBXBuildFile; fileRef = 188E19012226D0C5006602D0 /* Not.swift */; };
		188E19062226D2DC006602D0 /* AssignCommand.swift in Sources */ = {isa = PBXBuildFile; fileRef = 188E19052226D2DC006602D0 /* AssignCommand.swift */; };
		188E19082226D325006602D0 /* Destination.swift in Sources */ = {isa = PBXBuildFile; fileRef = 188E19072226D325006602D0 /* Destination.swift */; };
		188E190A2226D7D0006602D0 /* Computation.swift in Sources */ = {isa = PBXBuildFile; fileRef = 188E19092226D7D0006602D0 /* Computation.swift */; };
		188E190C2226DD24006602D0 /* Jump.swift in Sources */ = {isa = PBXBuildFile; fileRef = 188E190B2226DD24006602D0 /* Jump.swift */; };
		188E190D2226DDB6006602D0 /* Jump.swift in Sources */ = {isa = PBXBuildFile; fileRef = 188E190B2226DD24006602D0 /* Jump.swift */; };
		188E190E2226DDB9006602D0 /* Computation.swift in Sources */ = {isa = PBXBuildFile; fileRef = 188E19092226D7D0006602D0 /* Computation.swift */; };
		188E190F2226DDBB006602D0 /* Destination.swift in Sources */ = {isa = PBXBuildFile; fileRef = 188E19072226D325006602D0 /* Destination.swift */; };
		188E19102226DDBF006602D0 /* AssignCommand.swift in Sources */ = {isa = PBXBuildFile; fileRef = 188E19052226D2DC006602D0 /* AssignCommand.swift */; };
		188E19122226E441006602D0 /* Boolean.swift in Sources */ = {isa = PBXBuildFile; fileRef = 188E19112226E441006602D0 /* Boolean.swift */; };
		188E19132226E48E006602D0 /* Boolean.swift in Sources */ = {isa = PBXBuildFile; fileRef = 188E19112226E441006602D0 /* Boolean.swift */; };
		188E1918222B78C7006602D0 /* PushTests.swift in Sources */ = {isa = PBXBuildFile; fileRef = 188E1917222B78C7006602D0 /* PushTests.swift */; };
		188E191A222B7B97006602D0 /* MemoryAccess.swift in Sources */ = {isa = PBXBuildFile; fileRef = 188E1919222B7B97006602D0 /* MemoryAccess.swift */; };
		188E191B222B7CD7006602D0 /* MemoryAccess.swift in Sources */ = {isa = PBXBuildFile; fileRef = 188E1919222B7B97006602D0 /* MemoryAccess.swift */; };
		188E191D222B7F77006602D0 /* AssemblyCommand.swift in Sources */ = {isa = PBXBuildFile; fileRef = 188E191C222B7F77006602D0 /* AssemblyCommand.swift */; };
		188E191F222B8055006602D0 /* ATCommand.swift in Sources */ = {isa = PBXBuildFile; fileRef = 188E191E222B8055006602D0 /* ATCommand.swift */; };
		188E1921222B8287006602D0 /* ATCommandTests.swift in Sources */ = {isa = PBXBuildFile; fileRef = 188E1920222B8287006602D0 /* ATCommandTests.swift */; };
		188E1922222B828B006602D0 /* ATCommand.swift in Sources */ = {isa = PBXBuildFile; fileRef = 188E191E222B8055006602D0 /* ATCommand.swift */; };
		188E1923222B83E6006602D0 /* AssemblyCommand.swift in Sources */ = {isa = PBXBuildFile; fileRef = 188E191C222B7F77006602D0 /* AssemblyCommand.swift */; };
		188E1925222B8537006602D0 /* AssignCommandTests.swift in Sources */ = {isa = PBXBuildFile; fileRef = 188E1924222B8537006602D0 /* AssignCommandTests.swift */; };
		188E1927222B8711006602D0 /* CommandBuilderTests.swift in Sources */ = {isa = PBXBuildFile; fileRef = 188E1926222B8711006602D0 /* CommandBuilderTests.swift */; };
		188E1929222B88ED006602D0 /* CommandBuilder.swift in Sources */ = {isa = PBXBuildFile; fileRef = 188E1928222B88ED006602D0 /* CommandBuilder.swift */; };
		188E192A222B89B8006602D0 /* CommandBuilder.swift in Sources */ = {isa = PBXBuildFile; fileRef = 188E1928222B88ED006602D0 /* CommandBuilder.swift */; };
		188E192C222B8D18006602D0 /* LabelCommandTests.swift in Sources */ = {isa = PBXBuildFile; fileRef = 188E192B222B8D18006602D0 /* LabelCommandTests.swift */; };
		188E192E222B8FA1006602D0 /* LabelCommand.swift in Sources */ = {isa = PBXBuildFile; fileRef = 188E192D222B8FA1006602D0 /* LabelCommand.swift */; };
		188E192F222B905F006602D0 /* LabelCommand.swift in Sources */ = {isa = PBXBuildFile; fileRef = 188E192D222B8FA1006602D0 /* LabelCommand.swift */; };
		188E1931222B9135006602D0 /* ConditionCommandTests.swift in Sources */ = {isa = PBXBuildFile; fileRef = 188E1930222B9135006602D0 /* ConditionCommandTests.swift */; };
		188E1933222B9371006602D0 /* ConditionCommand.swift in Sources */ = {isa = PBXBuildFile; fileRef = 188E1932222B9371006602D0 /* ConditionCommand.swift */; };
		188E1934222B953C006602D0 /* ConditionCommand.swift in Sources */ = {isa = PBXBuildFile; fileRef = 188E1932222B9371006602D0 /* ConditionCommand.swift */; };
		188E1936222BA79B006602D0 /* ConditionIndexRepository.swift in Sources */ = {isa = PBXBuildFile; fileRef = 188E1935222BA79B006602D0 /* ConditionIndexRepository.swift */; };
		188E1938222BA848006602D0 /* ConditionIndexStore.swift in Sources */ = {isa = PBXBuildFile; fileRef = 188E1937222BA848006602D0 /* ConditionIndexStore.swift */; };
		188E1939222BAD74006602D0 /* ConditionIndexRepository.swift in Sources */ = {isa = PBXBuildFile; fileRef = 188E1935222BA79B006602D0 /* ConditionIndexRepository.swift */; };
		188E193A222BAD80006602D0 /* ConditionIndexStore.swift in Sources */ = {isa = PBXBuildFile; fileRef = 188E1937222BA848006602D0 /* ConditionIndexStore.swift */; };
/* End PBXBuildFile section */

/* Begin PBXCopyFilesBuildPhase section */
		188E189A22216E69006602D0 /* CopyFiles */ = {
			isa = PBXCopyFilesBuildPhase;
			buildActionMask = 2147483647;
			dstPath = /usr/share/man/man1/;
			dstSubfolderSpec = 0;
			files = (
			);
			runOnlyForDeploymentPostprocessing = 1;
		};
/* End PBXCopyFilesBuildPhase section */

/* Begin PBXFileReference section */
		188E189C22216E69006602D0 /* VMTranslator */ = {isa = PBXFileReference; explicitFileType = "compiled.mach-o.executable"; includeInIndex = 0; path = VMTranslator; sourceTree = BUILT_PRODUCTS_DIR; };
		188E189F22216E69006602D0 /* main.swift */ = {isa = PBXFileReference; lastKnownFileType = sourcecode.swift; path = main.swift; sourceTree = "<group>"; };
		188E18AA22216FFA006602D0 /* VMTranslatorTests.xctest */ = {isa = PBXFileReference; explicitFileType = wrapper.cfbundle; includeInIndex = 0; path = VMTranslatorTests.xctest; sourceTree = BUILT_PRODUCTS_DIR; };
		188E18AC22216FFA006602D0 /* VMTranslatorTests.swift */ = {isa = PBXFileReference; lastKnownFileType = sourcecode.swift; path = VMTranslatorTests.swift; sourceTree = "<group>"; };
		188E18AE22216FFA006602D0 /* Info.plist */ = {isa = PBXFileReference; lastKnownFileType = text.plist.xml; path = Info.plist; sourceTree = "<group>"; };
		188E18B22221705D006602D0 /* Parser.swift */ = {isa = PBXFileReference; lastKnownFileType = sourcecode.swift; path = Parser.swift; sourceTree = "<group>"; };
		188E18B5222172D4006602D0 /* ParserTests.swift */ = {isa = PBXFileReference; lastKnownFileType = sourcecode.swift; path = ParserTests.swift; sourceTree = "<group>"; };
		188E18B722217453006602D0 /* CommandFormatter.swift */ = {isa = PBXFileReference; fileEncoding = 4; lastKnownFileType = sourcecode.swift; path = CommandFormatter.swift; sourceTree = "<group>"; };
		188E18B92221748C006602D0 /* CommandFormatterTests.swift */ = {isa = PBXFileReference; fileEncoding = 4; lastKnownFileType = sourcecode.swift; path = CommandFormatterTests.swift; sourceTree = "<group>"; };
		188E18BC2221790E006602D0 /* Secret.swift */ = {isa = PBXFileReference; lastKnownFileType = sourcecode.swift; path = Secret.swift; sourceTree = "<group>"; };
		188E18BF2221976C006602D0 /* CodeWriterTests.swift */ = {isa = PBXFileReference; lastKnownFileType = sourcecode.swift; path = CodeWriterTests.swift; sourceTree = "<group>"; };
		188E18C122219786006602D0 /* CodeWriter.swift */ = {isa = PBXFileReference; lastKnownFileType = sourcecode.swift; path = CodeWriter.swift; sourceTree = "<group>"; };
		188E18C9222254C3006602D0 /* Add.swift */ = {isa = PBXFileReference; lastKnownFileType = sourcecode.swift; path = Add.swift; sourceTree = "<group>"; };
		188E18CB222254D7006602D0 /* AddTests.swift */ = {isa = PBXFileReference; lastKnownFileType = sourcecode.swift; path = AddTests.swift; sourceTree = "<group>"; };
		188E18CE22226A2C006602D0 /* SubTests.swift */ = {isa = PBXFileReference; lastKnownFileType = sourcecode.swift; path = SubTests.swift; sourceTree = "<group>"; };
		188E18D022226A4F006602D0 /* Sub.swift */ = {isa = PBXFileReference; lastKnownFileType = sourcecode.swift; path = Sub.swift; sourceTree = "<group>"; };
		188E18D7222403DA006602D0 /* Negative.swift */ = {isa = PBXFileReference; lastKnownFileType = sourcecode.swift; path = Negative.swift; sourceTree = "<group>"; };
		188E18DB22240CCB006602D0 /* Equal.swift */ = {isa = PBXFileReference; lastKnownFileType = sourcecode.swift; path = Equal.swift; sourceTree = "<group>"; };
		188E18E2222412CC006602D0 /* NegativeTests.swift */ = {isa = PBXFileReference; lastKnownFileType = sourcecode.swift; path = NegativeTests.swift; sourceTree = "<group>"; };
		188E18E522241604006602D0 /* EqualTests.swift */ = {isa = PBXFileReference; lastKnownFileType = sourcecode.swift; path = EqualTests.swift; sourceTree = "<group>"; };
		188E18E82226B3C0006602D0 /* GreaterTests.swift */ = {isa = PBXFileReference; lastKnownFileType = sourcecode.swift; path = GreaterTests.swift; sourceTree = "<group>"; };
		188E18EA2226B495006602D0 /* Greater.swift */ = {isa = PBXFileReference; lastKnownFileType = sourcecode.swift; path = Greater.swift; sourceTree = "<group>"; };
		188E18ED2226B532006602D0 /* Conditionable.swift */ = {isa = PBXFileReference; lastKnownFileType = sourcecode.swift; path = Conditionable.swift; sourceTree = "<group>"; };
		188E18F02226BA99006602D0 /* LessTests.swift */ = {isa = PBXFileReference; lastKnownFileType = sourcecode.swift; path = LessTests.swift; sourceTree = "<group>"; };
		188E18F22226BEE5006602D0 /* Less.swift */ = {isa = PBXFileReference; lastKnownFileType = sourcecode.swift; path = Less.swift; sourceTree = "<group>"; };
		188E18F52226C79A006602D0 /* AndTests.swift */ = {isa = PBXFileReference; lastKnownFileType = sourcecode.swift; path = AndTests.swift; sourceTree = "<group>"; };
		188E18F72226C9D9006602D0 /* And.swift */ = {isa = PBXFileReference; lastKnownFileType = sourcecode.swift; path = And.swift; sourceTree = "<group>"; };
		188E18FA2226CCD3006602D0 /* OrTests.swift */ = {isa = PBXFileReference; lastKnownFileType = sourcecode.swift; path = OrTests.swift; sourceTree = "<group>"; };
		188E18FC2226CED9006602D0 /* Or.swift */ = {isa = PBXFileReference; lastKnownFileType = sourcecode.swift; path = Or.swift; sourceTree = "<group>"; };
		188E18FF2226D02D006602D0 /* NotTests.swift */ = {isa = PBXFileReference; lastKnownFileType = sourcecode.swift; path = NotTests.swift; sourceTree = "<group>"; };
		188E19012226D0C5006602D0 /* Not.swift */ = {isa = PBXFileReference; lastKnownFileType = sourcecode.swift; path = Not.swift; sourceTree = "<group>"; };
		188E19052226D2DC006602D0 /* AssignCommand.swift */ = {isa = PBXFileReference; lastKnownFileType = sourcecode.swift; path = AssignCommand.swift; sourceTree = "<group>"; };
		188E19072226D325006602D0 /* Destination.swift */ = {isa = PBXFileReference; lastKnownFileType = sourcecode.swift; path = Destination.swift; sourceTree = "<group>"; };
		188E19092226D7D0006602D0 /* Computation.swift */ = {isa = PBXFileReference; lastKnownFileType = sourcecode.swift; path = Computation.swift; sourceTree = "<group>"; };
		188E190B2226DD24006602D0 /* Jump.swift */ = {isa = PBXFileReference; lastKnownFileType = sourcecode.swift; path = Jump.swift; sourceTree = "<group>"; };
		188E19112226E441006602D0 /* Boolean.swift */ = {isa = PBXFileReference; lastKnownFileType = sourcecode.swift; path = Boolean.swift; sourceTree = "<group>"; };
		188E1917222B78C7006602D0 /* PushTests.swift */ = {isa = PBXFileReference; lastKnownFileType = sourcecode.swift; path = PushTests.swift; sourceTree = "<group>"; };
		188E1919222B7B97006602D0 /* MemoryAccess.swift */ = {isa = PBXFileReference; lastKnownFileType = sourcecode.swift; path = MemoryAccess.swift; sourceTree = "<group>"; };
		188E191C222B7F77006602D0 /* AssemblyCommand.swift */ = {isa = PBXFileReference; lastKnownFileType = sourcecode.swift; path = AssemblyCommand.swift; sourceTree = "<group>"; };
		188E191E222B8055006602D0 /* ATCommand.swift */ = {isa = PBXFileReference; lastKnownFileType = sourcecode.swift; path = ATCommand.swift; sourceTree = "<group>"; };
		188E1920222B8287006602D0 /* ATCommandTests.swift */ = {isa = PBXFileReference; lastKnownFileType = sourcecode.swift; path = ATCommandTests.swift; sourceTree = "<group>"; };
		188E1924222B8537006602D0 /* AssignCommandTests.swift */ = {isa = PBXFileReference; lastKnownFileType = sourcecode.swift; path = AssignCommandTests.swift; sourceTree = "<group>"; };
		188E1926222B8711006602D0 /* CommandBuilderTests.swift */ = {isa = PBXFileReference; lastKnownFileType = sourcecode.swift; path = CommandBuilderTests.swift; sourceTree = "<group>"; };
		188E1928222B88ED006602D0 /* CommandBuilder.swift */ = {isa = PBXFileReference; lastKnownFileType = sourcecode.swift; path = CommandBuilder.swift; sourceTree = "<group>"; };
		188E192B222B8D18006602D0 /* LabelCommandTests.swift */ = {isa = PBXFileReference; lastKnownFileType = sourcecode.swift; path = LabelCommandTests.swift; sourceTree = "<group>"; };
		188E192D222B8FA1006602D0 /* LabelCommand.swift */ = {isa = PBXFileReference; lastKnownFileType = sourcecode.swift; path = LabelCommand.swift; sourceTree = "<group>"; };
		188E1930222B9135006602D0 /* ConditionCommandTests.swift */ = {isa = PBXFileReference; lastKnownFileType = sourcecode.swift; path = ConditionCommandTests.swift; sourceTree = "<group>"; };
		188E1932222B9371006602D0 /* ConditionCommand.swift */ = {isa = PBXFileReference; lastKnownFileType = sourcecode.swift; path = ConditionCommand.swift; sourceTree = "<group>"; };
		188E1935222BA79B006602D0 /* ConditionIndexRepository.swift */ = {isa = PBXFileReference; lastKnownFileType = sourcecode.swift; path = ConditionIndexRepository.swift; sourceTree = "<group>"; };
		188E1937222BA848006602D0 /* ConditionIndexStore.swift */ = {isa = PBXFileReference; lastKnownFileType = sourcecode.swift; path = ConditionIndexStore.swift; sourceTree = "<group>"; };
/* End PBXFileReference section */

/* Begin PBXFrameworksBuildPhase section */
		188E189922216E69006602D0 /* Frameworks */ = {
			isa = PBXFrameworksBuildPhase;
			buildActionMask = 2147483647;
			files = (
			);
			runOnlyForDeploymentPostprocessing = 0;
		};
		188E18A722216FFA006602D0 /* Frameworks */ = {
			isa = PBXFrameworksBuildPhase;
			buildActionMask = 2147483647;
			files = (
			);
			runOnlyForDeploymentPostprocessing = 0;
		};
/* End PBXFrameworksBuildPhase section */

/* Begin PBXGroup section */
		188E189322216E69006602D0 = {
			isa = PBXGroup;
			children = (
				188E189E22216E69006602D0 /* VMTranslator */,
				188E193B222BB90A006602D0 /* Assets */,
				188E18AB22216FFA006602D0 /* VMTranslatorTests */,
				188E189D22216E69006602D0 /* Products */,
			);
			sourceTree = "<group>";
		};
		188E189D22216E69006602D0 /* Products */ = {
			isa = PBXGroup;
			children = (
				188E189C22216E69006602D0 /* VMTranslator */,
				188E18AA22216FFA006602D0 /* VMTranslatorTests.xctest */,
			);
			name = Products;
			sourceTree = "<group>";
		};
		188E189E22216E69006602D0 /* VMTranslator */ = {
			isa = PBXGroup;
			children = (
				188E189F22216E69006602D0 /* main.swift */,
				188E18B22221705D006602D0 /* Parser.swift */,
				188E18B722217453006602D0 /* CommandFormatter.swift */,
				188E18C122219786006602D0 /* CodeWriter.swift */,
				188E1928222B88ED006602D0 /* CommandBuilder.swift */,
				188E1916222B75B7006602D0 /* VMCommand */,
				188E18C822225464006602D0 /* Arithmetic */,
				188E19042226D2BA006602D0 /* Assembly */,
			);
			path = VMTranslator;
			sourceTree = "<group>";
		};
		188E18AB22216FFA006602D0 /* VMTranslatorTests */ = {
			isa = PBXGroup;
			children = (
				188E18AC22216FFA006602D0 /* VMTranslatorTests.swift */,
				188E18B5222172D4006602D0 /* ParserTests.swift */,
				188E18BF2221976C006602D0 /* CodeWriterTests.swift */,
				188E18CB222254D7006602D0 /* AddTests.swift */,
				188E18CE22226A2C006602D0 /* SubTests.swift */,
				188E18E2222412CC006602D0 /* NegativeTests.swift */,
				188E18E522241604006602D0 /* EqualTests.swift */,
				188E18E82226B3C0006602D0 /* GreaterTests.swift */,
				188E18F02226BA99006602D0 /* LessTests.swift */,
				188E18F52226C79A006602D0 /* AndTests.swift */,
				188E18FA2226CCD3006602D0 /* OrTests.swift */,
				188E18FF2226D02D006602D0 /* NotTests.swift */,
				188E1917222B78C7006602D0 /* PushTests.swift */,
				188E1920222B8287006602D0 /* ATCommandTests.swift */,
				188E1924222B8537006602D0 /* AssignCommandTests.swift */,
				188E192B222B8D18006602D0 /* LabelCommandTests.swift */,
				188E1930222B9135006602D0 /* ConditionCommandTests.swift */,
				188E1926222B8711006602D0 /* CommandBuilderTests.swift */,
				188E18B92221748C006602D0 /* CommandFormatterTests.swift */,
				188E18AE22216FFA006602D0 /* Info.plist */,
			);
			path = VMTranslatorTests;
			sourceTree = "<group>";
		};
		188E18C822225464006602D0 /* Arithmetic */ = {
			isa = PBXGroup;
			children = (
				188E18ED2226B532006602D0 /* Conditionable.swift */,
				188E1935222BA79B006602D0 /* ConditionIndexRepository.swift */,
				188E1937222BA848006602D0 /* ConditionIndexStore.swift */,
				188E193E222BBA00006602D0 /* Component */,
			);
			path = Arithmetic;
			sourceTree = "<group>";
		};
		188E19042226D2BA006602D0 /* Assembly */ = {
			isa = PBXGroup;
			children = (
				188E193D222BB9D8006602D0 /* Command */,
				188E193C222BB9A8006602D0 /* Component */,
			);
			path = Assembly;
			sourceTree = "<group>";
		};
		188E1916222B75B7006602D0 /* VMCommand */ = {
			isa = PBXGroup;
			children = (
				188E1919222B7B97006602D0 /* MemoryAccess.swift */,
			);
			path = VMCommand;
			sourceTree = "<group>";
		};
		188E193B222BB90A006602D0 /* Assets */ = {
			isa = PBXGroup;
			children = (
				188E18BC2221790E006602D0 /* Secret.swift */,
			);
			path = Assets;
			sourceTree = "<group>";
		};
		188E193C222BB9A8006602D0 /* Component */ = {
			isa = PBXGroup;
			children = (
				188E19072226D325006602D0 /* Destination.swift */,
				188E19092226D7D0006602D0 /* Computation.swift */,
				188E190B2226DD24006602D0 /* Jump.swift */,
				188E19112226E441006602D0 /* Boolean.swift */,
			);
			path = Component;
			sourceTree = "<group>";
		};
		188E193D222BB9D8006602D0 /* Command */ = {
			isa = PBXGroup;
			children = (
				188E191C222B7F77006602D0 /* AssemblyCommand.swift */,
				188E19052226D2DC006602D0 /* AssignCommand.swift */,
				188E191E222B8055006602D0 /* ATCommand.swift */,
				188E192D222B8FA1006602D0 /* LabelCommand.swift */,
				188E1932222B9371006602D0 /* ConditionCommand.swift */,
			);
			path = Command;
			sourceTree = "<group>";
		};
		188E193E222BBA00006602D0 /* Component */ = {
			isa = PBXGroup;
			children = (
				188E18C9222254C3006602D0 /* Add.swift */,
				188E18D022226A4F006602D0 /* Sub.swift */,
				188E18D7222403DA006602D0 /* Negative.swift */,
				188E18DB22240CCB006602D0 /* Equal.swift */,
				188E18EA2226B495006602D0 /* Greater.swift */,
				188E18F22226BEE5006602D0 /* Less.swift */,
				188E18F72226C9D9006602D0 /* And.swift */,
				188E18FC2226CED9006602D0 /* Or.swift */,
				188E19012226D0C5006602D0 /* Not.swift */,
			);
			path = Component;
			sourceTree = "<group>";
		};
/* End PBXGroup section */

/* Begin PBXNativeTarget section */
		188E189B22216E69006602D0 /* VMTranslator */ = {
			isa = PBXNativeTarget;
			buildConfigurationList = 188E18A322216E69006602D0 /* Build configuration list for PBXNativeTarget "VMTranslator" */;
			buildPhases = (
				188E189822216E69006602D0 /* Sources */,
				188E189922216E69006602D0 /* Frameworks */,
				188E189A22216E69006602D0 /* CopyFiles */,
			);
			buildRules = (
			);
			dependencies = (
			);
			name = VMTranslator;
			productName = VMTranslator;
			productReference = 188E189C22216E69006602D0 /* VMTranslator */;
			productType = "com.apple.product-type.tool";
		};
		188E18A922216FFA006602D0 /* VMTranslatorTests */ = {
			isa = PBXNativeTarget;
			buildConfigurationList = 188E18B122216FFA006602D0 /* Build configuration list for PBXNativeTarget "VMTranslatorTests" */;
			buildPhases = (
				188E18A622216FFA006602D0 /* Sources */,
				188E18A722216FFA006602D0 /* Frameworks */,
				188E18A822216FFA006602D0 /* Resources */,
			);
			buildRules = (
			);
			dependencies = (
			);
			name = VMTranslatorTests;
			productName = VMTranslatorTests;
			productReference = 188E18AA22216FFA006602D0 /* VMTranslatorTests.xctest */;
			productType = "com.apple.product-type.bundle.unit-test";
		};
/* End PBXNativeTarget section */

/* Begin PBXProject section */
		188E189422216E69006602D0 /* Project object */ = {
			isa = PBXProject;
			attributes = {
				LastSwiftUpdateCheck = 1010;
				LastUpgradeCheck = 1010;
				ORGANIZATIONNAME = "山田良治";
				TargetAttributes = {
					188E189B22216E69006602D0 = {
						CreatedOnToolsVersion = 10.1;
					};
					188E18A922216FFA006602D0 = {
						CreatedOnToolsVersion = 10.1;
					};
				};
			};
			buildConfigurationList = 188E189722216E69006602D0 /* Build configuration list for PBXProject "VMTranslator" */;
			compatibilityVersion = "Xcode 9.3";
			developmentRegion = en;
			hasScannedForEncodings = 0;
			knownRegions = (
				en,
			);
			mainGroup = 188E189322216E69006602D0;
			productRefGroup = 188E189D22216E69006602D0 /* Products */;
			projectDirPath = "";
			projectRoot = "";
			targets = (
				188E189B22216E69006602D0 /* VMTranslator */,
				188E18A922216FFA006602D0 /* VMTranslatorTests */,
			);
		};
/* End PBXProject section */

/* Begin PBXResourcesBuildPhase section */
		188E18A822216FFA006602D0 /* Resources */ = {
			isa = PBXResourcesBuildPhase;
			buildActionMask = 2147483647;
			files = (
			);
			runOnlyForDeploymentPostprocessing = 0;
		};
/* End PBXResourcesBuildPhase section */

/* Begin PBXSourcesBuildPhase section */
		188E189822216E69006602D0 /* Sources */ = {
			isa = PBXSourcesBuildPhase;
			buildActionMask = 2147483647;
			files = (
				188E18B822217453006602D0 /* CommandFormatter.swift in Sources */,
				188E19122226E441006602D0 /* Boolean.swift in Sources */,
				188E18EE2226B532006602D0 /* Conditionable.swift in Sources */,
				188E18D8222403DA006602D0 /* Negative.swift in Sources */,
				188E18F82226C9D9006602D0 /* And.swift in Sources */,
				188E18FD2226CED9006602D0 /* Or.swift in Sources */,
				188E18DC22240CCB006602D0 /* Equal.swift in Sources */,
				188E19062226D2DC006602D0 /* AssignCommand.swift in Sources */,
				188E192E222B8FA1006602D0 /* LabelCommand.swift in Sources */,
				188E1936222BA79B006602D0 /* ConditionIndexRepository.swift in Sources */,
				188E18BD2221790E006602D0 /* Secret.swift in Sources */,
				188E191D222B7F77006602D0 /* AssemblyCommand.swift in Sources */,
				188E19082226D325006602D0 /* Destination.swift in Sources */,
				188E191A222B7B97006602D0 /* MemoryAccess.swift in Sources */,
				188E18B32221705D006602D0 /* Parser.swift in Sources */,
				188E1938222BA848006602D0 /* ConditionIndexStore.swift in Sources */,
				188E18CA222254C3006602D0 /* Add.swift in Sources */,
				188E191F222B8055006602D0 /* ATCommand.swift in Sources */,
				188E18A022216E69006602D0 /* main.swift in Sources */,
				188E18D122226A4F006602D0 /* Sub.swift in Sources */,
				188E18F32226BEE5006602D0 /* Less.swift in Sources */,
				188E190A2226D7D0006602D0 /* Computation.swift in Sources */,
				188E18EB2226B495006602D0 /* Greater.swift in Sources */,
				188E1929222B88ED006602D0 /* CommandBuilder.swift in Sources */,
				188E190C2226DD24006602D0 /* Jump.swift in Sources */,
				188E19022226D0C5006602D0 /* Not.swift in Sources */,
				188E18C222219786006602D0 /* CodeWriter.swift in Sources */,
				188E1933222B9371006602D0 /* ConditionCommand.swift in Sources */,
			);
			runOnlyForDeploymentPostprocessing = 0;
		};
		188E18A622216FFA006602D0 /* Sources */ = {
			isa = PBXSourcesBuildPhase;
			buildActionMask = 2147483647;
			files = (
				188E1927222B8711006602D0 /* CommandBuilderTests.swift in Sources */,
				188E19102226DDBF006602D0 /* AssignCommand.swift in Sources */,
				188E18C02221976C006602D0 /* CodeWriterTests.swift in Sources */,
				188E1922222B828B006602D0 /* ATCommand.swift in Sources */,
				188E19032226D0E7006602D0 /* Not.swift in Sources */,
				188E18C522219B63006602D0 /* CodeWriter.swift in Sources */,
				188E1934222B953C006602D0 /* ConditionCommand.swift in Sources */,
				188E19002226D02D006602D0 /* NotTests.swift in Sources */,
				188E18E42224155F006602D0 /* Negative.swift in Sources */,
				188E192C222B8D18006602D0 /* LabelCommandTests.swift in Sources */,
				188E18E3222412CC006602D0 /* NegativeTests.swift in Sources */,
				188E18F62226C79A006602D0 /* AndTests.swift in Sources */,
				188E192A222B89B8006602D0 /* CommandBuilder.swift in Sources */,
				188E1918222B78C7006602D0 /* PushTests.swift in Sources */,
				188E18F92226C9E0006602D0 /* And.swift in Sources */,
				188E193A222BAD80006602D0 /* ConditionIndexStore.swift in Sources */,
				188E18F12226BA99006602D0 /* LessTests.swift in Sources */,
				188E18D222226A81006602D0 /* Sub.swift in Sources */,
				188E18FB2226CCD3006602D0 /* OrTests.swift in Sources */,
				188E18EC2226B4D0006602D0 /* Greater.swift in Sources */,
				188E18C422219B60006602D0 /* Secret.swift in Sources */,
				188E190D2226DDB6006602D0 /* Jump.swift in Sources */,
				188E1931222B9135006602D0 /* ConditionCommandTests.swift in Sources */,
				188E18CF22226A2C006602D0 /* SubTests.swift in Sources */,
				188E18E92226B3C0006602D0 /* GreaterTests.swift in Sources */,
				188E191B222B7CD7006602D0 /* MemoryAccess.swift in Sources */,
				188E1939222BAD74006602D0 /* ConditionIndexRepository.swift in Sources */,
				188E18FE2226CF23006602D0 /* Or.swift in Sources */,
				188E18CD2222561C006602D0 /* Add.swift in Sources */,
				188E18EF2226B88C006602D0 /* Conditionable.swift in Sources */,
				188E18BA2221748C006602D0 /* CommandFormatterTests.swift in Sources */,
				188E1925222B8537006602D0 /* AssignCommandTests.swift in Sources */,
				188E1921222B8287006602D0 /* ATCommandTests.swift in Sources */,
				188E18E72226B10A006602D0 /* Equal.swift in Sources */,
				188E192F222B905F006602D0 /* LabelCommand.swift in Sources */,
				188E1923222B83E6006602D0 /* AssemblyCommand.swift in Sources */,
				188E18CC222254D7006602D0 /* AddTests.swift in Sources */,
				188E18C722219B68006602D0 /* Parser.swift in Sources */,
				188E18E622241604006602D0 /* EqualTests.swift in Sources */,
				188E18F42226BF2F006602D0 /* Less.swift in Sources */,
				188E19132226E48E006602D0 /* Boolean.swift in Sources */,
				188E18AD22216FFA006602D0 /* VMTranslatorTests.swift in Sources */,
				188E18B6222172D4006602D0 /* ParserTests.swift in Sources */,
				188E18C622219B65006602D0 /* CommandFormatter.swift in Sources */,
				188E190E2226DDB9006602D0 /* Computation.swift in Sources */,
				188E190F2226DDBB006602D0 /* Destination.swift in Sources */,
			);
			runOnlyForDeploymentPostprocessing = 0;
		};
/* End PBXSourcesBuildPhase section */

/* Begin XCBuildConfiguration section */
		188E18A122216E69006602D0 /* Debug */ = {
			isa = XCBuildConfiguration;
			buildSettings = {
				ALWAYS_SEARCH_USER_PATHS = NO;
				CLANG_ANALYZER_NONNULL = YES;
				CLANG_ANALYZER_NUMBER_OBJECT_CONVERSION = YES_AGGRESSIVE;
				CLANG_CXX_LANGUAGE_STANDARD = "gnu++14";
				CLANG_CXX_LIBRARY = "libc++";
				CLANG_ENABLE_MODULES = YES;
				CLANG_ENABLE_OBJC_ARC = YES;
				CLANG_ENABLE_OBJC_WEAK = YES;
				CLANG_WARN_BLOCK_CAPTURE_AUTORELEASING = YES;
				CLANG_WARN_BOOL_CONVERSION = YES;
				CLANG_WARN_COMMA = YES;
				CLANG_WARN_CONSTANT_CONVERSION = YES;
				CLANG_WARN_DEPRECATED_OBJC_IMPLEMENTATIONS = YES;
				CLANG_WARN_DIRECT_OBJC_ISA_USAGE = YES_ERROR;
				CLANG_WARN_DOCUMENTATION_COMMENTS = YES;
				CLANG_WARN_EMPTY_BODY = YES;
				CLANG_WARN_ENUM_CONVERSION = YES;
				CLANG_WARN_INFINITE_RECURSION = YES;
				CLANG_WARN_INT_CONVERSION = YES;
				CLANG_WARN_NON_LITERAL_NULL_CONVERSION = YES;
				CLANG_WARN_OBJC_IMPLICIT_RETAIN_SELF = YES;
				CLANG_WARN_OBJC_LITERAL_CONVERSION = YES;
				CLANG_WARN_OBJC_ROOT_CLASS = YES_ERROR;
				CLANG_WARN_RANGE_LOOP_ANALYSIS = YES;
				CLANG_WARN_STRICT_PROTOTYPES = YES;
				CLANG_WARN_SUSPICIOUS_MOVE = YES;
				CLANG_WARN_UNGUARDED_AVAILABILITY = YES_AGGRESSIVE;
				CLANG_WARN_UNREACHABLE_CODE = YES;
				CLANG_WARN__DUPLICATE_METHOD_MATCH = YES;
				CODE_SIGN_IDENTITY = "Mac Developer";
				COPY_PHASE_STRIP = NO;
				DEBUG_INFORMATION_FORMAT = dwarf;
				ENABLE_STRICT_OBJC_MSGSEND = YES;
				ENABLE_TESTABILITY = YES;
				GCC_C_LANGUAGE_STANDARD = gnu11;
				GCC_DYNAMIC_NO_PIC = NO;
				GCC_NO_COMMON_BLOCKS = YES;
				GCC_OPTIMIZATION_LEVEL = 0;
				GCC_PREPROCESSOR_DEFINITIONS = (
					"DEBUG=1",
					"$(inherited)",
				);
				GCC_WARN_64_TO_32_BIT_CONVERSION = YES;
				GCC_WARN_ABOUT_RETURN_TYPE = YES_ERROR;
				GCC_WARN_UNDECLARED_SELECTOR = YES;
				GCC_WARN_UNINITIALIZED_AUTOS = YES_AGGRESSIVE;
				GCC_WARN_UNUSED_FUNCTION = YES;
				GCC_WARN_UNUSED_VARIABLE = YES;
				MACOSX_DEPLOYMENT_TARGET = 10.14;
				MTL_ENABLE_DEBUG_INFO = INCLUDE_SOURCE;
				MTL_FAST_MATH = YES;
				ONLY_ACTIVE_ARCH = YES;
				SDKROOT = macosx;
				SWIFT_ACTIVE_COMPILATION_CONDITIONS = DEBUG;
				SWIFT_OPTIMIZATION_LEVEL = "-Onone";
			};
			name = Debug;
		};
		188E18A222216E69006602D0 /* Release */ = {
			isa = XCBuildConfiguration;
			buildSettings = {
				ALWAYS_SEARCH_USER_PATHS = NO;
				CLANG_ANALYZER_NONNULL = YES;
				CLANG_ANALYZER_NUMBER_OBJECT_CONVERSION = YES_AGGRESSIVE;
				CLANG_CXX_LANGUAGE_STANDARD = "gnu++14";
				CLANG_CXX_LIBRARY = "libc++";
				CLANG_ENABLE_MODULES = YES;
				CLANG_ENABLE_OBJC_ARC = YES;
				CLANG_ENABLE_OBJC_WEAK = YES;
				CLANG_WARN_BLOCK_CAPTURE_AUTORELEASING = YES;
				CLANG_WARN_BOOL_CONVERSION = YES;
				CLANG_WARN_COMMA = YES;
				CLANG_WARN_CONSTANT_CONVERSION = YES;
				CLANG_WARN_DEPRECATED_OBJC_IMPLEMENTATIONS = YES;
				CLANG_WARN_DIRECT_OBJC_ISA_USAGE = YES_ERROR;
				CLANG_WARN_DOCUMENTATION_COMMENTS = YES;
				CLANG_WARN_EMPTY_BODY = YES;
				CLANG_WARN_ENUM_CONVERSION = YES;
				CLANG_WARN_INFINITE_RECURSION = YES;
				CLANG_WARN_INT_CONVERSION = YES;
				CLANG_WARN_NON_LITERAL_NULL_CONVERSION = YES;
				CLANG_WARN_OBJC_IMPLICIT_RETAIN_SELF = YES;
				CLANG_WARN_OBJC_LITERAL_CONVERSION = YES;
				CLANG_WARN_OBJC_ROOT_CLASS = YES_ERROR;
				CLANG_WARN_RANGE_LOOP_ANALYSIS = YES;
				CLANG_WARN_STRICT_PROTOTYPES = YES;
				CLANG_WARN_SUSPICIOUS_MOVE = YES;
				CLANG_WARN_UNGUARDED_AVAILABILITY = YES_AGGRESSIVE;
				CLANG_WARN_UNREACHABLE_CODE = YES;
				CLANG_WARN__DUPLICATE_METHOD_MATCH = YES;
				CODE_SIGN_IDENTITY = "Mac Developer";
				COPY_PHASE_STRIP = NO;
				DEBUG_INFORMATION_FORMAT = "dwarf-with-dsym";
				ENABLE_NS_ASSERTIONS = NO;
				ENABLE_STRICT_OBJC_MSGSEND = YES;
				GCC_C_LANGUAGE_STANDARD = gnu11;
				GCC_NO_COMMON_BLOCKS = YES;
				GCC_WARN_64_TO_32_BIT_CONVERSION = YES;
				GCC_WARN_ABOUT_RETURN_TYPE = YES_ERROR;
				GCC_WARN_UNDECLARED_SELECTOR = YES;
				GCC_WARN_UNINITIALIZED_AUTOS = YES_AGGRESSIVE;
				GCC_WARN_UNUSED_FUNCTION = YES;
				GCC_WARN_UNUSED_VARIABLE = YES;
				MACOSX_DEPLOYMENT_TARGET = 10.14;
				MTL_ENABLE_DEBUG_INFO = NO;
				MTL_FAST_MATH = YES;
				SDKROOT = macosx;
				SWIFT_COMPILATION_MODE = wholemodule;
				SWIFT_OPTIMIZATION_LEVEL = "-O";
			};
			name = Release;
		};
		188E18A422216E69006602D0 /* Debug */ = {
			isa = XCBuildConfiguration;
			buildSettings = {
				CODE_SIGN_STYLE = Automatic;
				DEVELOPMENT_TEAM = Z5DLXLSS2U;
				PRODUCT_NAME = "$(TARGET_NAME)";
				SWIFT_VERSION = 4.2;
			};
			name = Debug;
		};
		188E18A522216E69006602D0 /* Release */ = {
			isa = XCBuildConfiguration;
			buildSettings = {
				CODE_SIGN_STYLE = Automatic;
				DEVELOPMENT_TEAM = Z5DLXLSS2U;
				PRODUCT_NAME = "$(TARGET_NAME)";
				SWIFT_VERSION = 4.2;
			};
			name = Release;
		};
		188E18AF22216FFA006602D0 /* Debug */ = {
			isa = XCBuildConfiguration;
			buildSettings = {
				CODE_SIGN_STYLE = Automatic;
				COMBINE_HIDPI_IMAGES = YES;
				DEVELOPMENT_TEAM = Z5DLXLSS2U;
				INFOPLIST_FILE = VMTranslatorTests/Info.plist;
				LD_RUNPATH_SEARCH_PATHS = (
					"$(inherited)",
					"@executable_path/../Frameworks",
					"@loader_path/../Frameworks",
				);
				PRODUCT_BUNDLE_IDENTIFIER = jp.co.raiso.VMTranslatorTests;
				PRODUCT_NAME = "$(TARGET_NAME)";
				SWIFT_VERSION = 4.2;
			};
			name = Debug;
		};
		188E18B022216FFA006602D0 /* Release */ = {
			isa = XCBuildConfiguration;
			buildSettings = {
				CODE_SIGN_STYLE = Automatic;
				COMBINE_HIDPI_IMAGES = YES;
				DEVELOPMENT_TEAM = Z5DLXLSS2U;
				INFOPLIST_FILE = VMTranslatorTests/Info.plist;
				LD_RUNPATH_SEARCH_PATHS = (
					"$(inherited)",
					"@executable_path/../Frameworks",
					"@loader_path/../Frameworks",
				);
				PRODUCT_BUNDLE_IDENTIFIER = jp.co.raiso.VMTranslatorTests;
				PRODUCT_NAME = "$(TARGET_NAME)";
				SWIFT_VERSION = 4.2;
			};
			name = Release;
		};
/* End XCBuildConfiguration section */

/* Begin XCConfigurationList section */
		188E189722216E69006602D0 /* Build configuration list for PBXProject "VMTranslator" */ = {
			isa = XCConfigurationList;
			buildConfigurations = (
				188E18A122216E69006602D0 /* Debug */,
				188E18A222216E69006602D0 /* Release */,
			);
			defaultConfigurationIsVisible = 0;
			defaultConfigurationName = Release;
		};
		188E18A322216E69006602D0 /* Build configuration list for PBXNativeTarget "VMTranslator" */ = {
			isa = XCConfigurationList;
			buildConfigurations = (
				188E18A422216E69006602D0 /* Debug */,
				188E18A522216E69006602D0 /* Release */,
			);
			defaultConfigurationIsVisible = 0;
			defaultConfigurationName = Release;
		};
		188E18B122216FFA006602D0 /* Build configuration list for PBXNativeTarget "VMTranslatorTests" */ = {
			isa = XCConfigurationList;
			buildConfigurations = (
				188E18AF22216FFA006602D0 /* Debug */,
				188E18B022216FFA006602D0 /* Release */,
			);
			defaultConfigurationIsVisible = 0;
			defaultConfigurationName = Release;
		};
/* End XCConfigurationList section */
	};
	rootObject = 188E189422216E69006602D0 /* Project object */;
}
